
Microsoft Visual Studio Solution File, Format Version 11.00
# Visual Studio 2010
Project("{F2A71F9B-5D33-465A-A702-920D77279786}") = "IntelliFactory.WebSharper.Formlet.JQueryUI", "IntelliFactory.WebSharper.Formlet.JQueryUI\IntelliFactory.WebSharper.Formlet.JQueryUI.fsproj", "{4A6BAE18-3F58-4ADD-A7E8-B5380EFDF0D1}"
EndProject
Project("{2150E333-8FDC-42A3-9474-1A3956D46DE8}") = "Solution Items", "Solution Items", "{BFA10250-B8B8-4EA4-8CA4-0CF567E74292}"
	ProjectSection(SolutionItems) = preProject
		ivy.xml = ivy.xml
	EndProjectSection
EndProject
Project("{F2A71F9B-5D33-465A-A702-920D77279786}") = "IntelliFactory.WebSharper.Formlet.JQueryUI.Test", "IntelliFactory.WebSharper.Formlet.JQueryUI.Test\IntelliFactory.WebSharper.Formlet.JQueryUI.Test.fsproj", "{35514715-41DF-4C17-A9EC-D80ABCD9E353}"
EndProject
Project("{FAE04EC0-301F-11D3-BF4B-00C04F79EFBC}") = "IntelliFactory.WebSharper.Formlet.JQueryUI.TestWeb", "IntelliFactory.WebSharper.Formlet.JQueryUI.TestWeb\IntelliFactory.WebSharper.Formlet.JQueryUI.TestWeb.csproj", "{C96C4489-BE06-496A-8FC1-4251947EFBA3}"
EndProject
Project("{F2A71F9B-5D33-465A-A702-920D77279786}") = "IntelliFactory.WebSharper.Formlet.JQueryUI.Documentation", "IntelliFactory.WebSharper.Formlet.JQueryUI.Docs\IntelliFactory.WebSharper.Formlet.JQueryUI.Documentation.fsproj", "{27D58CE2-0F6B-4840-9347-924DB69174FA}"
EndProject
Global
	GlobalSection(SolutionConfigurationPlatforms) = preSolution
		Debug|Any CPU = Debug|Any CPU
		Release|Any CPU = Release|Any CPU
	EndGlobalSection
	GlobalSection(ProjectConfigurationPlatforms) = postSolution
		{4A6BAE18-3F58-4ADD-A7E8-B5380EFDF0D1}.Debug|Any CPU.ActiveCfg = Debug|Any CPU
		{4A6BAE18-3F58-4ADD-A7E8-B5380EFDF0D1}.Debug|Any CPU.Build.0 = Debug|Any CPU
		{4A6BAE18-3F58-4ADD-A7E8-B5380EFDF0D1}.Release|Any CPU.ActiveCfg = Release|Any CPU
		{4A6BAE18-3F58-4ADD-A7E8-B5380EFDF0D1}.Release|Any CPU.Build.0 = Release|Any CPU
		{35514715-41DF-4C17-A9EC-D80ABCD9E353}.Debug|Any CPU.ActiveCfg = Debug|Any CPU
		{35514715-41DF-4C17-A9EC-D80ABCD9E353}.Debug|Any CPU.Build.0 = Debug|Any CPU
		{35514715-41DF-4C17-A9EC-D80ABCD9E353}.Release|Any CPU.ActiveCfg = Release|Any CPU
		{35514715-41DF-4C17-A9EC-D80ABCD9E353}.Release|Any CPU.Build.0 = Release|Any CPU
		{C96C4489-BE06-496A-8FC1-4251947EFBA3}.Debug|Any CPU.ActiveCfg = Debug|Any CPU
		{C96C4489-BE06-496A-8FC1-4251947EFBA3}.Debug|Any CPU.Build.0 = Debug|Any CPU
		{C96C4489-BE06-496A-8FC1-4251947EFBA3}.Release|Any CPU.ActiveCfg = Release|Any CPU
		{C96C4489-BE06-496A-8FC1-4251947EFBA3}.Release|Any CPU.Build.0 = Release|Any CPU
		{27D58CE2-0F6B-4840-9347-924DB69174FA}.Debug|Any CPU.ActiveCfg = Debug|Any CPU
		{27D58CE2-0F6B-4840-9347-924DB69174FA}.Debug|Any CPU.Build.0 = Debug|Any CPU
		{27D58CE2-0F6B-4840-9347-924DB69174FA}.Release|Any CPU.ActiveCfg = Debug|Any CPU
		{27D58CE2-0F6B-4840-9347-924DB69174FA}.Release|Any CPU.Build.0 = Debug|Any CPU
	EndGlobalSection
	GlobalSection(SolutionProperties) = preSolution
		HideSolutionNode = FALSE
	EndGlobalSection
EndGlobal
